// !$*UTF8*$!
{
	archiveVersion = 1;
	classes = {
	};
	objectVersion = 50;
	objects = {

/* Begin PBXBuildFile section */
		D005CF9026419A51002E84CA /* AppDelegate.swift in Sources */ = {isa = PBXBuildFile; fileRef = D005CF8F26419A51002E84CA /* AppDelegate.swift */; };
		D005CF9226419A51002E84CA /* SceneDelegate.swift in Sources */ = {isa = PBXBuildFile; fileRef = D005CF9126419A51002E84CA /* SceneDelegate.swift */; };
		D005CF9426419A51002E84CA /* ViewController.swift in Sources */ = {isa = PBXBuildFile; fileRef = D005CF9326419A51002E84CA /* ViewController.swift */; };
		D005CF9726419A51002E84CA /* Main.storyboard in Resources */ = {isa = PBXBuildFile; fileRef = D005CF9526419A51002E84CA /* Main.storyboard */; };
		D005CF9926419A52002E84CA /* Assets.xcassets in Resources */ = {isa = PBXBuildFile; fileRef = D005CF9826419A52002E84CA /* Assets.xcassets */; };
		D005CF9C26419A52002E84CA /* LaunchScreen.storyboard in Resources */ = {isa = PBXBuildFile; fileRef = D005CF9A26419A52002E84CA /* LaunchScreen.storyboard */; };
		D005CFA726419B04002E84CA /* StoryPrompts.swift in Sources */ = {isa = PBXBuildFile; fileRef = D005CFA526419B04002E84CA /* StoryPrompts.swift */; };
		D005CFA826419B04002E84CA /* StoryPromptEntry.swift in Sources */ = {isa = PBXBuildFile; fileRef = D005CFA626419B04002E84CA /* StoryPromptEntry.swift */; };
/* End PBXBuildFile section */

/* Begin PBXFileReference section */
		D005CF8C26419A51002E84CA /* StoryPrompt.app */ = {isa = PBXFileReference; explicitFileType = wrapper.application; includeInIndex = 0; path = StoryPrompt.app; sourceTree = BUILT_PRODUCTS_DIR; };
		D005CF8F26419A51002E84CA /* AppDelegate.swift */ = {isa = PBXFileReference; lastKnownFileType = sourcecode.swift; path = AppDelegate.swift; sourceTree = "<group>"; };
		D005CF9126419A51002E84CA /* SceneDelegate.swift */ = {isa = PBXFileReference; lastKnownFileType = sourcecode.swift; path = SceneDelegate.swift; sourceTree = "<group>"; };
		D005CF9326419A51002E84CA /* ViewController.swift */ = {isa = PBXFileReference; lastKnownFileType = sourcecode.swift; path = ViewController.swift; sourceTree = "<group>"; };
		D005CF9626419A51002E84CA /* Base */ = {isa = PBXFileReference; lastKnownFileType = file.storyboard; name = Base; path = Base.lproj/Main.storyboard; sourceTree = "<group>"; };
		D005CF9826419A52002E84CA /* Assets.xcassets */ = {isa = PBXFileReference; lastKnownFileType = folder.assetcatalog; path = Assets.xcassets; sourceTree = "<group>"; };
		D005CF9B26419A52002E84CA /* Base */ = {isa = PBXFileReference; lastKnownFileType = file.storyboard; name = Base; path = Base.lproj/LaunchScreen.storyboard; sourceTree = "<group>"; };
		D005CF9D26419A52002E84CA /* Info.plist */ = {isa = PBXFileReference; lastKnownFileType = text.plist.xml; path = Info.plist; sourceTree = "<group>"; };
		D005CFA526419B04002E84CA /* StoryPrompts.swift */ = {isa = PBXFileReference; fileEncoding = 4; lastKnownFileType = sourcecode.swift; name = StoryPrompts.swift; path = "../../../Downloads/video-ukf-materials-versions-1.0/02-meet-the-view-controller/starter/StoryPrompts.swift"; sourceTree = "<group>"; };
		D005CFA626419B04002E84CA /* StoryPromptEntry.swift */ = {isa = PBXFileReference; fileEncoding = 4; lastKnownFileType = sourcecode.swift; name = StoryPromptEntry.swift; path = "../../../Downloads/video-ukf-materials-versions-1.0/02-meet-the-view-controller/starter/StoryPromptEntry.swift"; sourceTree = "<group>"; };
/* End PBXFileReference section */

/* Begin PBXFrameworksBuildPhase section */
		D005CF8926419A51002E84CA /* Frameworks */ = {
			isa = PBXFrameworksBuildPhase;
			buildActionMask = 2147483647;
			files = (
			);
			runOnlyForDeploymentPostprocessing = 0;
		};
/* End PBXFrameworksBuildPhase section */

/* Begin PBXGroup section */
		D005CF8326419A51002E84CA = {
			isa = PBXGroup;
			children = (
				D005CF8E26419A51002E84CA /* StoryPrompt */,
				D005CF8D26419A51002E84CA /* Products */,
			);
			sourceTree = "<group>";
		};
		D005CF8D26419A51002E84CA /* Products */ = {
			isa = PBXGroup;
			children = (
				D005CF8C26419A51002E84CA /* StoryPrompt.app */,
			);
			name = Products;
			sourceTree = "<group>";
		};
		D005CF8E26419A51002E84CA /* StoryPrompt */ = {
			isa = PBXGroup;
			children = (
				D005CFA426419A7C002E84CA /* Model */,
				D005CF8F26419A51002E84CA /* AppDelegate.swift */,
				D005CF9126419A51002E84CA /* SceneDelegate.swift */,
				D005CF9326419A51002E84CA /* ViewController.swift */,
				D005CF9526419A51002E84CA /* Main.storyboard */,
				D005CF9826419A52002E84CA /* Assets.xcassets */,
				D005CF9A26419A52002E84CA /* LaunchScreen.storyboard */,
				D005CF9D26419A52002E84CA /* Info.plist */,
			);
			path = StoryPrompt;
			sourceTree = "<group>";
		};
		D005CFA426419A7C002E84CA /* Model */ = {
			isa = PBXGroup;
			children = (
				D005CFA626419B04002E84CA /* StoryPromptEntry.swift */,
				D005CFA526419B04002E84CA /* StoryPrompts.swift */,
			);
			path = Model;
			sourceTree = "<group>";
		};
/* End PBXGroup section */

/* Begin PBXNativeTarget section */
		D005CF8B26419A51002E84CA /* StoryPrompt */ = {
			isa = PBXNativeTarget;
			buildConfigurationList = D005CFA026419A52002E84CA /* Build configuration list for PBXNativeTarget "StoryPrompt" */;
			buildPhases = (
				D005CF8826419A51002E84CA /* Sources */,
				D005CF8926419A51002E84CA /* Frameworks */,
				D005CF8A26419A51002E84CA /* Resources */,
			);
			buildRules = (
			);
			dependencies = (
			);
			name = StoryPrompt;
			productName = StoryPrompt;
			productReference = D005CF8C26419A51002E84CA /* StoryPrompt.app */;
			productType = "com.apple.product-type.application";
		};
/* End PBXNativeTarget section */

/* Begin PBXProject section */
		D005CF8426419A51002E84CA /* Project object */ = {
			isa = PBXProject;
			attributes = {
				LastSwiftUpdateCheck = 1240;
				LastUpgradeCheck = 1240;
				TargetAttributes = {
					D005CF8B26419A51002E84CA = {
						CreatedOnToolsVersion = 12.4;
					};
				};
			};
			buildConfigurationList = D005CF8726419A51002E84CA /* Build configuration list for PBXProject "StoryPrompt" */;
			compatibilityVersion = "Xcode 9.3";
			developmentRegion = en;
			hasScannedForEncodings = 0;
			knownRegions = (
				en,
				Base,
			);
			mainGroup = D005CF8326419A51002E84CA;
			productRefGroup = D005CF8D26419A51002E84CA /* Products */;
			projectDirPath = "";
			projectRoot = "";
			targets = (
				D005CF8B26419A51002E84CA /* StoryPrompt */,
			);
		};
/* End PBXProject section */

/* Begin PBXResourcesBuildPhase section */
		D005CF8A26419A51002E84CA /* Resources */ = {
			isa = PBXResourcesBuildPhase;
			buildActionMask = 2147483647;
			files = (
				D005CF9C26419A52002E84CA /* LaunchScreen.storyboard in Resources */,
				D005CF9926419A52002E84CA /* Assets.xcassets in Resources */,
				D005CF9726419A51002E84CA /* Main.storyboard in Resources */,
			);
			runOnlyForDeploymentPostprocessing = 0;
		};
/* End PBXResourcesBuildPhase section */

/* Begin PBXSourcesBuildPhase section */
		D005CF8826419A51002E84CA /* Sources */ = {
			isa = PBXSourcesBuildPhase;
			buildActionMask = 2147483647;
			files = (
				D005CFA826419B04002E84CA /* StoryPromptEntry.swift in Sources */,
				D005CF9426419A51002E84CA /* ViewController.swift in Sources */,
				D005CF9026419A51002E84CA /* AppDelegate.swift in Sources */,
				D005CF9226419A51002E84CA /* SceneDelegate.swift in Sources */,
				D005CFA726419B04002E84CA /* StoryPrompts.swift in Sources */,
			);
			runOnlyForDeploymentPostprocessing = 0;
		};
/* End PBXSourcesBuildPhase section */

/* Begin PBXVariantGroup section */
		D005CF9526419A51002E84CA /* Main.storyboard */ = {
			isa = PBXVariantGroup;
			children = (
				D005CF9626419A51002E84CA /* Base */,
			);
			name = Main.storyboard;
			sourceTree = "<group>";
		};
		D005CF9A26419A52002E84CA /* LaunchScreen.storyboard */ = {
			isa = PBXVariantGroup;
			children = (
				D005CF9B26419A52002E84CA /* Base */,
			);
			name = LaunchScreen.storyboard;
			sourceTree = "<group>";
		};
/* End PBXVariantGroup section */

/* Begin XCBuildConfiguration section */
		D005CF9E26419A52002E84CA /* Debug */ = {
			isa = XCBuildConfiguration;
			buildSettings = {
				ALWAYS_SEARCH_USER_PATHS = NO;
				CLANG_ANALYZER_NONNULL = YES;
				CLANG_ANALYZER_NUMBER_OBJECT_CONVERSION = YES_AGGRESSIVE;
				CLANG_CXX_LANGUAGE_STANDARD = "gnu++14";
				CLANG_CXX_LIBRARY = "libc++";
				CLANG_ENABLE_MODULES = YES;
				CLANG_ENABLE_OBJC_ARC = YES;
				CLANG_ENABLE_OBJC_WEAK = YES;
				CLANG_WARN_BLOCK_CAPTURE_AUTORELEASING = YES;
				CLANG_WARN_BOOL_CONVERSION = YES;
				CLANG_WARN_COMMA = YES;
				CLANG_WARN_CONSTANT_CONVERSION = YES;
				CLANG_WARN_DEPRECATED_OBJC_IMPLEMENTATIONS = YES;
				CLANG_WARN_DIRECT_OBJC_ISA_USAGE = YES_ERROR;
				CLANG_WARN_DOCUMENTATION_COMMENTS = YES;
				CLANG_WARN_EMPTY_BODY = YES;
				CLANG_WARN_ENUM_CONVERSION = YES;
				CLANG_WARN_INFINITE_RECURSION = YES;
				CLANG_WARN_INT_CONVERSION = YES;
				CLANG_WARN_NON_LITERAL_NULL_CONVERSION = YES;
				CLANG_WARN_OBJC_IMPLICIT_RETAIN_SELF = YES;
				CLANG_WARN_OBJC_LITERAL_CONVERSION = YES;
				CLANG_WARN_OBJC_ROOT_CLASS = YES_ERROR;
				CLANG_WARN_QUOTED_INCLUDE_IN_FRAMEWORK_HEADER = YES;
				CLANG_WARN_RANGE_LOOP_ANALYSIS = YES;
				CLANG_WARN_STRICT_PROTOTYPES = YES;
				CLANG_WARN_SUSPICIOUS_MOVE = YES;
				CLANG_WARN_UNGUARDED_AVAILABILITY = YES_AGGRESSIVE;
				CLANG_WARN_UNREACHABLE_CODE = YES;
				CLANG_WARN__DUPLICATE_METHOD_MATCH = YES;
				COPY_PHASE_STRIP = NO;
				DEBUG_INFORMATION_FORMAT = dwarf;
				ENABLE_STRICT_OBJC_MSGSEND = YES;
				ENABLE_TESTABILITY = YES;
				GCC_C_LANGUAGE_STANDARD = gnu11;
				GCC_DYNAMIC_NO_PIC = NO;
				GCC_NO_COMMON_BLOCKS = YES;
				GCC_OPTIMIZATION_LEVEL = 0;
				GCC_PREPROCESSOR_DEFINITIONS = (
					"DEBUG=1",
					"$(inherited)",
				);
				GCC_WARN_64_TO_32_BIT_CONVERSION = YES;
				GCC_WARN_ABOUT_RETURN_TYPE = YES_ERROR;
				GCC_WARN_UNDECLARED_SELECTOR = YES;
				GCC_WARN_UNINITIALIZED_AUTOS = YES_AGGRESSIVE;
				GCC_WARN_UNUSED_FUNCTION = YES;
				GCC_WARN_UNUSED_VARIABLE = YES;
				IPHONEOS_DEPLOYMENT_TARGET = 14.4;
				MTL_ENABLE_DEBUG_INFO = INCLUDE_SOURCE;
				MTL_FAST_MATH = YES;
				ONLY_ACTIVE_ARCH = YES;
				SDKROOT = iphoneos;
				SWIFT_ACTIVE_COMPILATION_CONDITIONS = DEBUG;
				SWIFT_OPTIMIZATION_LEVEL = "-Onone";
			};
			name = Debug;
		};
		D005CF9F26419A52002E84CA /* Release */ = {
			isa = XCBuildConfiguration;
			buildSettings = {
				ALWAYS_SEARCH_USER_PATHS = NO;
				CLANG_ANALYZER_NONNULL = YES;
				CLANG_ANALYZER_NUMBER_OBJECT_CONVERSION = YES_AGGRESSIVE;
				CLANG_CXX_LANGUAGE_STANDARD = "gnu++14";
				CLANG_CXX_LIBRARY = "libc++";
				CLANG_ENABLE_MODULES = YES;
				CLANG_ENABLE_OBJC_ARC = YES;
				CLANG_ENABLE_OBJC_WEAK = YES;
				CLANG_WARN_BLOCK_CAPTURE_AUTORELEASING = YES;
				CLANG_WARN_BOOL_CONVERSION = YES;
				CLANG_WARN_COMMA = YES;
				CLANG_WARN_CONSTANT_CONVERSION = YES;
				CLANG_WARN_DEPRECATED_OBJC_IMPLEMENTATIONS = YES;
				CLANG_WARN_DIRECT_OBJC_ISA_USAGE = YES_ERROR;
				CLANG_WARN_DOCUMENTATION_COMMENTS = YES;
				CLANG_WARN_EMPTY_BODY = YES;
				CLANG_WARN_ENUM_CONVERSION = YES;
				CLANG_WARN_INFINITE_RECURSION = YES;
				CLANG_WARN_INT_CONVERSION = YES;
				CLANG_WARN_NON_LITERAL_NULL_CONVERSION = YES;
				CLANG_WARN_OBJC_IMPLICIT_RETAIN_SELF = YES;
				CLANG_WARN_OBJC_LITERAL_CONVERSION = YES;
				CLANG_WARN_OBJC_ROOT_CLASS = YES_ERROR;
				CLANG_WARN_QUOTED_INCLUDE_IN_FRAMEWORK_HEADER = YES;
				CLANG_WARN_RANGE_LOOP_ANALYSIS = YES;
				CLANG_WARN_STRICT_PROTOTYPES = YES;
				CLANG_WARN_SUSPICIOUS_MOVE = YES;
				CLANG_WARN_UNGUARDED_AVAILABILITY = YES_AGGRESSIVE;
				CLANG_WARN_UNREACHABLE_CODE = YES;
				CLANG_WARN__DUPLICATE_METHOD_MATCH = YES;
				COPY_PHASE_STRIP = NO;
				DEBUG_INFORMATION_FORMAT = "dwarf-with-dsym";
				ENABLE_NS_ASSERTIONS = NO;
				ENABLE_STRICT_OBJC_MSGSEND = YES;
				GCC_C_LANGUAGE_STANDARD = gnu11;
				GCC_NO_COMMON_BLOCKS = YES;
				GCC_WARN_64_TO_32_BIT_CONVERSION = YES;
				GCC_WARN_ABOUT_RETURN_TYPE = YES_ERROR;
				GCC_WARN_UNDECLARED_SELECTOR = YES;
				GCC_WARN_UNINITIALIZED_AUTOS = YES_AGGRESSIVE;
				GCC_WARN_UNUSED_FUNCTION = YES;
				GCC_WARN_UNUSED_VARIABLE = YES;
				IPHONEOS_DEPLOYMENT_TARGET = 14.4;
				MTL_ENABLE_DEBUG_INFO = NO;
				MTL_FAST_MATH = YES;
				SDKROOT = iphoneos;
				SWIFT_COMPILATION_MODE = wholemodule;
				SWIFT_OPTIMIZATION_LEVEL = "-O";
				VALIDATE_PRODUCT = YES;
			};
			name = Release;
		};
		D005CFA126419A52002E84CA /* Debug */ = {
			isa = XCBuildConfiguration;
			buildSettings = {
				ASSETCATALOG_COMPILER_APPICON_NAME = AppIcon;
				ASSETCATALOG_COMPILER_GLOBAL_ACCENT_COLOR_NAME = AccentColor;
				CODE_SIGN_STYLE = Automatic;
				INFOPLIST_FILE = StoryPrompt/Info.plist;
				LD_RUNPATH_SEARCH_PATHS = (
					"$(inherited)",
					"@executable_path/Frameworks",
				);
				PRODUCT_BUNDLE_IDENTIFIER = com.morganduverney.StoryPrompt;
				PRODUCT_NAME = "$(TARGET_NAME)";
				SWIFT_VERSION = 5.0;
				TARGETED_DEVICE_FAMILY = "1,2";
			};
			name = Debug;
		};
		D005CFA226419A52002E84CA /* Release */ = {
			isa = XCBuildConfiguration;
			buildSettings = {
				ASSETCATALOG_COMPILER_APPICON_NAME = AppIcon;
				ASSETCATALOG_COMPILER_GLOBAL_ACCENT_COLOR_NAME = AccentColor;
				CODE_SIGN_STYLE = Automatic;
				INFOPLIST_FILE = StoryPrompt/Info.plist;
				LD_RUNPATH_SEARCH_PATHS = (
					"$(inherited)",
					"@executable_path/Frameworks",
				);
				PRODUCT_BUNDLE_IDENTIFIER = com.morganduverney.StoryPrompt;
				PRODUCT_NAME = "$(TARGET_NAME)";
				SWIFT_VERSION = 5.0;
				TARGETED_DEVICE_FAMILY = "1,2";
			};
			name = Release;
		};
/* End XCBuildConfiguration section */

/* Begin XCConfigurationList section */
		D005CF8726419A51002E84CA /* Build configuration list for PBXProject "StoryPrompt" */ = {
			isa = XCConfigurationList;
			buildConfigurations = (
				D005CF9E26419A52002E84CA /* Debug */,
				D005CF9F26419A52002E84CA /* Release */,
			);
			defaultConfigurationIsVisible = 0;
			defaultConfigurationName = Release;
		};
		D005CFA026419A52002E84CA /* Build configuration list for PBXNativeTarget "StoryPrompt" */ = {
			isa = XCConfigurationList;
			buildConfigurations = (
				D005CFA126419A52002E84CA /* Debug */,
				D005CFA226419A52002E84CA /* Release */,
			);
			defaultConfigurationIsVisible = 0;
			defaultConfigurationName = Release;
		};
/* End XCConfigurationList section */
	};
	rootObject = D005CF8426419A51002E84CA /* Project object */;
}
